{
  "name": "arsenaltf2",
  "lockfileVersion": 3,
  "requires": true,
  "packages": {
    "": {
      "dependencies": {
        "react-metrika": "^1.1.0"
      }
    },
    "node_modules/react-metrika": {
      "version": "1.1.0",
      "resolved": "https://registry.npmjs.org/react-metrika/-/react-metrika-1.1.0.tgz",
      "integrity": "sha512-++iaMfFGc7ZqO84GPw4EyeQazr4bV9seMBCYAR5c6Wa9EgNopbhym/aQNFZ6wyuS6v1TYILQuWo7Z75HtuvRXg==",
      "license": "MIT"
    }
  }
}
